{
  "name": "portfolio2",
  "version": "1.0.0",
  "lockfileVersion": 3,
  "requires": true,
  "packages": {
    "": {
      "name": "portfolio2",
      "version": "1.0.0",
      "license": "ISC",
      "devDependencies": {
        "devicon": "^2.17.0",
        "gsap": "3.12.5",
        "lenis": "1.1.20",
        "simple-icons": "^16.34.0"
      }
    },
    "node_modules/devicon": {
      "version": "2.17.0",
      "resolved": "https://registry.npmjs.org/devicon/-/devicon-2.17.0.tgz",
      "integrity": "sha512-2nKUdjobJlmRSaCHa50PGsVq0VDURnq9gVzQoJggsM/NKN0tLhC/Uq2zmy2pH36Q/1q3gvYwp/GjTgv/R0Ysbg==",
      "dev": true,
      "license": "MIT"
    },
    "node_modules/gsap": {
      "version": "3.12.5",
      "resolved": "https://registry.npmjs.org/gsap/-/gsap-3.12.5.tgz",
      "integrity": "sha512-srBfnk4n+Oe/ZnMIOXt3gT605BX9x5+rh/prT2F1SsNJsU1XuMiP0E2aptW481OnonOGACZWBqseH5Z7csHxhQ==",
      "dev": true,
      "license": "Standard 'no charge' license: https://gsap.com/standard-license. Club GSAP members get more: https://gsap.com/licensing/. Why GreenSock doesn't employ an MIT license: https://gsap.com/why-license/"
    },
    "node_modules/lenis": {
      "version": "1.1.20",
      "resolved": "https://registry.npmjs.org/lenis/-/lenis-1.1.20.tgz",
      "integrity": "sha512-UE64mlJEN4W8DWP2tfHzPzygk94Q2BhjzeG/YHWoyeMJ2Fd6XziBCNN+IvHwmB4GkmKIYxgr0+TvRYTSAMTMFA==",
      "dev": true,
      "license": "MIT",
      "funding": {
        "type": "github",
        "url": "https://github.com/sponsors/darkroomengineering"
      },
      "peerDependencies": {
        "react": ">=17.0.0",
        "vue": ">=3.0.0"
      },
      "peerDependenciesMeta": {
        "react": {
          "optional": true
        },
        "vue": {
          "optional": true
        }
      }
    },
    "node_modules/simple-icons": {
      "version": "16.34.0",
      "resolved": "https://registry.npmjs.org/simple-icons/-/simple-icons-16.34.0.tgz",
      "integrity": "sha512-UTxKn0PVspk84B2hHF3Dqiqht1yDjJmDc/t4cO7PyCQxCMk6OjEu95pnpGjhLaGeQ4qBrGASbefTIe/+czrX7g==",
      "dev": true,
      "funding": [
        {
          "type": "opencollective",
          "url": "https://opencollective.com/simple-icons"
        },
        {
          "type": "github",
          "url": "https://github.com/sponsors/simple-icons"
        }
      ],
      "license": "CC0-1.0",
      "engines": {
        "node": ">=0.12.18"
      }
    }
  }
}
